{
  "name": "react-native-reactstrap",
  "version": "1.0.0",
  "lockfileVersion": 1,
  "requires": true,
  "dependencies": {
    "hex-to-rgba": {
      "version": "1.0.2",
      "resolved": "https://registry.npmjs.org/hex-to-rgba/-/hex-to-rgba-1.0.2.tgz",
      "integrity": "sha512-fL+4NFccs86iOuDnFl1Mhyn471qTPAkpE7k39+JYGPMB3+S9LoUnauQI2nz6BUb3DpYQCx8RqENbaf8IFdKYOg=="
    }
  }
}
